
Microsoft Visual Studio Solution File, Format Version 12.00
# Visual Studio Version 17
VisualStudioVersion = 17.10.35013.160
MinimumVisualStudioVersion = 10.0.40219.1
Project("{9A19103F-16F7-4668-BE54-9A1E7A4F7556}") = "PresentationLayer", "HesapMakinesiii\PresentationLayer.csproj", "{25F4EA4D-A75D-48F8-9162-4EDE6EA30374}"
EndProject
Project("{9A19103F-16F7-4668-BE54-9A1E7A4F7556}") = "BusinessLayer", "BusinessLayer\BusinessLayer.csproj", "{7E9F531F-2B95-4FE4-A91B-6778B0216139}"
EndProject
Project("{9A19103F-16F7-4668-BE54-9A1E7A4F7556}") = "DataAccessLayer", "DataAccessLayer\DataAccessLayer.csproj", "{A77E9D8B-8AF5-49C7-BDCF-8773BE2E1828}"
EndProject
Project("{FAE04EC0-301F-11D3-BF4B-00C04F79EFBC}") = "ModelLayer", "ModelsLayer\ModelLayer.csproj", "{6EBB40E1-6A3B-4D36-B4FA-9EBF0E7F2BFC}"
EndProject
Global
	GlobalSection(SolutionConfigurationPlatforms) = preSolution
		Debug|Any CPU = Debug|Any CPU
		Release|Any CPU = Release|Any CPU
	EndGlobalSection
	GlobalSection(ProjectConfigurationPlatforms) = postSolution
		{25F4EA4D-A75D-48F8-9162-4EDE6EA30374}.Debug|Any CPU.ActiveCfg = Debug|Any CPU
		{25F4EA4D-A75D-48F8-9162-4EDE6EA30374}.Debug|Any CPU.Build.0 = Debug|Any CPU
		{25F4EA4D-A75D-48F8-9162-4EDE6EA30374}.Release|Any CPU.ActiveCfg = Release|Any CPU
		{25F4EA4D-A75D-48F8-9162-4EDE6EA30374}.Release|Any CPU.Build.0 = Release|Any CPU
		{7E9F531F-2B95-4FE4-A91B-6778B0216139}.Debug|Any CPU.ActiveCfg = Debug|Any CPU
		{7E9F531F-2B95-4FE4-A91B-6778B0216139}.Debug|Any CPU.Build.0 = Debug|Any CPU
		{7E9F531F-2B95-4FE4-A91B-6778B0216139}.Release|Any CPU.ActiveCfg = Release|Any CPU
		{7E9F531F-2B95-4FE4-A91B-6778B0216139}.Release|Any CPU.Build.0 = Release|Any CPU
		{A77E9D8B-8AF5-49C7-BDCF-8773BE2E1828}.Debug|Any CPU.ActiveCfg = Debug|Any CPU
		{A77E9D8B-8AF5-49C7-BDCF-8773BE2E1828}.Debug|Any CPU.Build.0 = Debug|Any CPU
		{A77E9D8B-8AF5-49C7-BDCF-8773BE2E1828}.Release|Any CPU.ActiveCfg = Release|Any CPU
		{A77E9D8B-8AF5-49C7-BDCF-8773BE2E1828}.Release|Any CPU.Build.0 = Release|Any CPU
		{6EBB40E1-6A3B-4D36-B4FA-9EBF0E7F2BFC}.Debug|Any CPU.ActiveCfg = Debug|Any CPU
		{6EBB40E1-6A3B-4D36-B4FA-9EBF0E7F2BFC}.Debug|Any CPU.Build.0 = Debug|Any CPU
		{6EBB40E1-6A3B-4D36-B4FA-9EBF0E7F2BFC}.Release|Any CPU.ActiveCfg = Release|Any CPU
		{6EBB40E1-6A3B-4D36-B4FA-9EBF0E7F2BFC}.Release|Any CPU.Build.0 = Release|Any CPU
	EndGlobalSection
	GlobalSection(SolutionProperties) = preSolution
		HideSolutionNode = FALSE
	EndGlobalSection
	GlobalSection(ExtensibilityGlobals) = postSolution
		SolutionGuid = {FF57B4A0-2223-40A9-9FE4-61617FE37FB4}
	EndGlobalSection
EndGlobal
